
Microsoft Visual Studio Solution File, Format Version 12.00
# Visual Studio 15
VisualStudioVersion = 15.0.28307.572
MinimumVisualStudioVersion = 10.0.40219.1
Project("{FAE04EC0-301F-11D3-BF4B-00C04F79EFBC}") = "PaletteConverter", "PaletteConverter\PaletteConverter.csproj", "{00F98D41-B340-4124-9B80-F695A2CB27CC}"
EndProject
Global
	GlobalSection(SolutionConfigurationPlatforms) = preSolution
		Debug|Any CPU = Debug|Any CPU
		Release|Any CPU = Release|Any CPU
	EndGlobalSection
	GlobalSection(ProjectConfigurationPlatforms) = postSolution
		{00F98D41-B340-4124-9B80-F695A2CB27CC}.Debug|Any CPU.ActiveCfg = Debug|Any CPU
		{00F98D41-B340-4124-9B80-F695A2CB27CC}.Debug|Any CPU.Build.0 = Debug|Any CPU
		{00F98D41-B340-4124-9B80-F695A2CB27CC}.Release|Any CPU.ActiveCfg = Release|Any CPU
		{00F98D41-B340-4124-9B80-F695A2CB27CC}.Release|Any CPU.Build.0 = Release|Any CPU
	EndGlobalSection
	GlobalSection(SolutionProperties) = preSolution
		HideSolutionNode = FALSE
	EndGlobalSection
	GlobalSection(ExtensibilityGlobals) = postSolution
		SolutionGuid = {213A2BD6-F6BA-4BB8-AEFE-8DD56EFADF8B}
	EndGlobalSection
EndGlobal
